
Microsoft Visual Studio Solution File, Format Version 12.00
# Visual Studio 15
VisualStudioVersion = 15.0.26124.0
MinimumVisualStudioVersion = 15.0.26124.0
Project("{2150E333-8FDC-42A3-9474-1A3956D46DE8}") = "src", "src", "{0CE325C5-9F76-4408-BC06-3E3068D2538B}"
EndProject
Project("{FAE04EC0-301F-11D3-BF4B-00C04F79EFBC}") = "FawltyTowers", "src\FawltyTowers\FawltyTowers.csproj", "{086A4F75-0223-43C2-9FE6-15BCCEFD94B9}"
EndProject
Project("{FAE04EC0-301F-11D3-BF4B-00C04F79EFBC}") = "FaultTolerentConsumer", "src\FaultTolerentConsumer\FaultTolerentConsumer.csproj", "{E7865529-83BD-4903-8914-D3D160EFD5FD}"
EndProject
Global
	GlobalSection(SolutionConfigurationPlatforms) = preSolution
		Debug|Any CPU = Debug|Any CPU
		Debug|x64 = Debug|x64
		Debug|x86 = Debug|x86
		Release|Any CPU = Release|Any CPU
		Release|x64 = Release|x64
		Release|x86 = Release|x86
	EndGlobalSection
	GlobalSection(SolutionProperties) = preSolution
		HideSolutionNode = FALSE
	EndGlobalSection
	GlobalSection(ProjectConfigurationPlatforms) = postSolution
		{086A4F75-0223-43C2-9FE6-15BCCEFD94B9}.Debug|Any CPU.ActiveCfg = Debug|Any CPU
		{086A4F75-0223-43C2-9FE6-15BCCEFD94B9}.Debug|Any CPU.Build.0 = Debug|Any CPU
		{086A4F75-0223-43C2-9FE6-15BCCEFD94B9}.Debug|x64.ActiveCfg = Debug|Any CPU
		{086A4F75-0223-43C2-9FE6-15BCCEFD94B9}.Debug|x64.Build.0 = Debug|Any CPU
		{086A4F75-0223-43C2-9FE6-15BCCEFD94B9}.Debug|x86.ActiveCfg = Debug|Any CPU
		{086A4F75-0223-43C2-9FE6-15BCCEFD94B9}.Debug|x86.Build.0 = Debug|Any CPU
		{086A4F75-0223-43C2-9FE6-15BCCEFD94B9}.Release|Any CPU.ActiveCfg = Release|Any CPU
		{086A4F75-0223-43C2-9FE6-15BCCEFD94B9}.Release|Any CPU.Build.0 = Release|Any CPU
		{086A4F75-0223-43C2-9FE6-15BCCEFD94B9}.Release|x64.ActiveCfg = Release|Any CPU
		{086A4F75-0223-43C2-9FE6-15BCCEFD94B9}.Release|x64.Build.0 = Release|Any CPU
		{086A4F75-0223-43C2-9FE6-15BCCEFD94B9}.Release|x86.ActiveCfg = Release|Any CPU
		{086A4F75-0223-43C2-9FE6-15BCCEFD94B9}.Release|x86.Build.0 = Release|Any CPU
		{E7865529-83BD-4903-8914-D3D160EFD5FD}.Debug|Any CPU.ActiveCfg = Debug|Any CPU
		{E7865529-83BD-4903-8914-D3D160EFD5FD}.Debug|Any CPU.Build.0 = Debug|Any CPU
		{E7865529-83BD-4903-8914-D3D160EFD5FD}.Debug|x64.ActiveCfg = Debug|Any CPU
		{E7865529-83BD-4903-8914-D3D160EFD5FD}.Debug|x64.Build.0 = Debug|Any CPU
		{E7865529-83BD-4903-8914-D3D160EFD5FD}.Debug|x86.ActiveCfg = Debug|Any CPU
		{E7865529-83BD-4903-8914-D3D160EFD5FD}.Debug|x86.Build.0 = Debug|Any CPU
		{E7865529-83BD-4903-8914-D3D160EFD5FD}.Release|Any CPU.ActiveCfg = Release|Any CPU
		{E7865529-83BD-4903-8914-D3D160EFD5FD}.Release|Any CPU.Build.0 = Release|Any CPU
		{E7865529-83BD-4903-8914-D3D160EFD5FD}.Release|x64.ActiveCfg = Release|Any CPU
		{E7865529-83BD-4903-8914-D3D160EFD5FD}.Release|x64.Build.0 = Release|Any CPU
		{E7865529-83BD-4903-8914-D3D160EFD5FD}.Release|x86.ActiveCfg = Release|Any CPU
		{E7865529-83BD-4903-8914-D3D160EFD5FD}.Release|x86.Build.0 = Release|Any CPU
	EndGlobalSection
	GlobalSection(NestedProjects) = preSolution
		{086A4F75-0223-43C2-9FE6-15BCCEFD94B9} = {0CE325C5-9F76-4408-BC06-3E3068D2538B}
		{E7865529-83BD-4903-8914-D3D160EFD5FD} = {0CE325C5-9F76-4408-BC06-3E3068D2538B}
	EndGlobalSection
EndGlobal
